
Microsoft Visual Studio Solution File, Format Version 12.00
# Visual Studio Version 17
VisualStudioVersion = 17.7.34003.232
MinimumVisualStudioVersion = 10.0.40219.1
Project("{FAE04EC0-301F-11D3-BF4B-00C04F79EFBC}") = "StudentRegistrationInCore", "StudentRegistrationInCore.csproj", "{1DED5911-8CAA-4483-8C19-0D999490F9E5}"
EndProject
Global
	GlobalSection(SolutionConfigurationPlatforms) = preSolution
		Debug|Any CPU = Debug|Any CPU
		Release|Any CPU = Release|Any CPU
	EndGlobalSection
	GlobalSection(ProjectConfigurationPlatforms) = postSolution
		{1DED5911-8CAA-4483-8C19-0D999490F9E5}.Debug|Any CPU.ActiveCfg = Debug|Any CPU
		{1DED5911-8CAA-4483-8C19-0D999490F9E5}.Debug|Any CPU.Build.0 = Debug|Any CPU
		{1DED5911-8CAA-4483-8C19-0D999490F9E5}.Release|Any CPU.ActiveCfg = Release|Any CPU
		{1DED5911-8CAA-4483-8C19-0D999490F9E5}.Release|Any CPU.Build.0 = Release|Any CPU
	EndGlobalSection
	GlobalSection(SolutionProperties) = preSolution
		HideSolutionNode = FALSE
	EndGlobalSection
	GlobalSection(ExtensibilityGlobals) = postSolution
		SolutionGuid = {AA73155B-6B92-445B-9B81-7E186EF805CD}
	EndGlobalSection
EndGlobal
